# THIS IS AN AUTOGENERATED FILE. DO NOT EDIT THIS FILE DIRECTLY.
# yarn lockfile v1


"@prettier/plugin-lua@^0.0.1":
  version "0.0.1"
  resolved "https://registry.yarnpkg.com/@prettier/plugin-lua/-/plugin-lua-0.0.1.tgz#60498b7e3ca23bf390a9923c8d9072ca4020ce61"
  integrity sha512-fZ6hUPKfZq3KY4zWSQpdvPrbi1LtxPXJvFJYMJHxt8HxRyyySlFWspKhgcIdlaZ1EL3cMyP2muPvvDpM7GbyBQ==
  dependencies:
    luaparse "0.2.1"

"@types/commander@^2.3.31":
  version "2.12.2"
  resolved "https://registry.yarnpkg.com/@types/commander/-/commander-2.12.2.tgz#183041a23842d4281478fa5d23c5ca78e6fd08ae"
  integrity sha512-0QEFiR8ljcHp9bAbWxecjVRuAMr16ivPiGOw6KFQBVrVd0RQIcM3xKdRisH2EDWgVWujiYtHwhSkSUoAAGzH7Q==
  dependencies:
    commander "*"

"@types/diff@^3.2.0":
  version "3.5.3"
  resolved "https://registry.yarnpkg.com/@types/diff/-/diff-3.5.3.tgz#7c6c3721ba454d838790100faf7957116ee7deab"
  integrity sha512-YrLagYnL+tfrgM7bQ5yW34pi5cg9pmh5Gbq2Lmuuh+zh0ZjmK2fU3896PtlpJT3IDG2rdkoG30biHJepgIsMnw==

"@types/get-stdin@^5.0.0":
  version "5.0.1"
  resolved "https://registry.yarnpkg.com/@types/get-stdin/-/get-stdin-5.0.1.tgz#46afbcaf09e94fe025afa07ae994ac3168adbdf3"
  integrity sha1-Rq+8rwnpT+Alr6B66ZSsMWitvfM=
  dependencies:
    "@types/node" "*"

"@types/node@*":
  version "14.14.2"
  resolved "https://registry.yarnpkg.com/@types/node/-/node-14.14.2.tgz#d25295f9e4ca5989a2c610754dc02a9721235eeb"
  integrity sha512-jeYJU2kl7hL9U5xuI/BhKPZ4vqGM/OmK6whiFAXVhlstzZhVamWhDSmHyGLIp+RVyuF9/d0dqr2P85aFj4BvJg==

commander@*:
  version "6.1.0"
  resolved "https://registry.yarnpkg.com/commander/-/commander-6.1.0.tgz#f8d722b78103141006b66f4c7ba1e97315ba75bc"
  integrity sha512-wl7PNrYWd2y5mp1OK/LhTlv8Ff4kQJQRXXAvF+uU/TPNiVJUxZLRYGj/B0y/lPGAVcSbJqH2Za/cvHmrPMC8mA==

commander@^2.9.0:
  version "2.20.3"
  resolved "https://registry.yarnpkg.com/commander/-/commander-2.20.3.tgz#fd485e84c03eb4881c20722ba48035e8531aeb33"
  integrity sha512-GpVkmM8vF2vQUkj2LvZmD35JxeJOLCwJ9cUkugyk2nuhbv3+mJvpLYYt+0+USMxE+oj+ey/lJEnhZw75x/OMcQ==

diff@^3.3.0:
  version "3.5.0"
  resolved "https://registry.yarnpkg.com/diff/-/diff-3.5.0.tgz#800c0dd1e0a8bfbc95835c202ad220fe317e5a12"
  integrity sha512-A46qtFgd+g7pDZinpnwiRJtxbC1hpgf0uzP3iG89scHk0AUC7A1TGxf5OiiOUv/JMZR8GOt8hL900hV0bOy5xA==

get-stdin@^5.0.1:
  version "5.0.1"
  resolved "https://registry.yarnpkg.com/get-stdin/-/get-stdin-5.0.1.tgz#122e161591e21ff4c52530305693f20e6393a398"
  integrity sha1-Ei4WFZHiH/TFJTAwVpPyDmOTo5g=

lua-fmt@^2.6.0:
  version "2.6.0"
  resolved "https://registry.yarnpkg.com/lua-fmt/-/lua-fmt-2.6.0.tgz#ef9ac0573d1da7330dca09c022c39a33aed347a3"
  integrity sha1-75rAVz0dpzMNygnAIsOaM67TR6M=
  dependencies:
    "@types/commander" "^2.3.31"
    "@types/diff" "^3.2.0"
    "@types/get-stdin" "^5.0.0"
    commander "^2.9.0"
    diff "^3.3.0"
    get-stdin "^5.0.1"
    luaparse oxyc/luaparse#ac42a00ebf4020b8c9d3219e4b0f84bf7ce6e802

luaparse@0.2.1:
  version "0.2.1"
  resolved "https://registry.yarnpkg.com/luaparse/-/luaparse-0.2.1.tgz#aa8f56132b0de97d37f3c991a9df42e0e17f656c"
  integrity sha1-qo9WEysN6X0388mRqd9C4OF/ZWw=

luaparse@oxyc/luaparse#ac42a00ebf4020b8c9d3219e4b0f84bf7ce6e802:
  version "0.2.1"
  resolved "https://codeload.github.com/oxyc/luaparse/tar.gz/ac42a00ebf4020b8c9d3219e4b0f84bf7ce6e802"

prettier@1.19.1:
  version "1.19.1"
  resolved "https://registry.yarnpkg.com/prettier/-/prettier-1.19.1.tgz#f7d7f5ff8a9cd872a7be4ca142095956a60797cb"
  integrity sha512-s7PoyDv/II1ObgQunCbB9PdLmUcBZcnWOcxDh7O0N/UwDEsHyqkW+Qh28jW+mVuCdx7gLB0BotYI1Y6uI9iyew==
